a:17:{s:38:"Migration\Step\DataIntegrity\Integrity";a:1:{s:15:"integrity check";a:1:{s:6:"result";b:1;}}s:28:"Migration\Step\Eav\Integrity";a:1:{s:15:"integrity check";a:1:{s:6:"result";b:1;}}s:33:"Migration\Step\Customer\Integrity";a:1:{s:15:"integrity check";a:1:{s:6:"result";b:1;}}s:28:"Migration\Step\Map\Integrity";a:1:{s:15:"integrity check";a:1:{s:6:"result";b:1;}}s:42:"Migration\Step\UrlRewrite\Version191to2000";a:1:{s:15:"integrity check";a:1:{s:6:"result";b:1;}}s:28:"Migration\Step\Log\Integrity";a:1:{s:15:"integrity check";a:1:{s:6:"result";b:1;}}s:32:"Migration\Step\Ratings\Integrity";a:1:{s:15:"integrity check";a:1:{s:6:"result";b:1;}}s:43:"Migration\Step\ConfigurablePrices\Integrity";a:1:{s:15:"integrity check";a:1:{s:6:"result";b:1;}}s:35:"Migration\Step\OrderGrids\Integrity";a:1:{s:15:"integrity check";a:1:{s:6:"result";b:1;}}s:34:"Migration\Step\TierPrice\Integrity";a:1:{s:15:"integrity check";a:1:{s:6:"result";b:1;}}s:39:"Migration\Step\SalesIncrement\Integrity";a:1:{s:15:"integrity check";a:1:{s:6:"result";b:1;}}s:27:"Migration\App\SetupDeltaLog";a:1:{s:14:"setup triggers";a:1:{s:6:"result";b:1;}}s:23:"Migration\Step\Eav\Data";a:1:{s:14:"data migration";a:1:{s:6:"result";b:1;}}s:25:"Migration\Step\Eav\Volume";a:1:{s:12:"volume check";a:1:{s:6:"result";b:1;}}s:28:"Migration\Step\Customer\Data";a:1:{s:14:"data migration";a:1:{s:6:"result";b:1;}}s:30:"Migration\Step\Customer\Volume";a:1:{s:12:"volume check";a:1:{s:6:"result";b:1;}}s:23:"Migration\Step\Map\Data";a:1:{s:3:"run";a:1:{s:7:"process";a:110:{i:0;s:22:"PO_CreditMemo_tracking";i:1;s:11:"PO_tracking";i:2;s:23:"adminnotification_inbox";i:3;s:20:"all_transaction_fees";i:4;s:22:"amazon_settlement_data";i:5;s:15:"api_order_track";i:6;s:14:"brand_sup_code";i:7;s:11:"captcha_log";i:8;s:22:"catalog_attribute_page";i:9;s:23:"catalog_category_entity";i:10;s:32:"catalog_category_entity_datetime";i:11;s:31:"catalog_category_entity_decimal";i:12;s:27:"catalog_category_entity_int";i:13;s:28:"catalog_category_entity_text";i:14;s:31:"catalog_category_entity_varchar";i:15;s:22:"cataloginventory_stock";i:16;s:11:"catalogrule";i:17;s:26:"catalogrule_customer_group";i:18;s:25:"catalogrule_group_website";i:19;s:19:"catalogrule_product";i:20;s:25:"catalogrule_product_price";i:21;s:19:"catalogrule_website";i:22;s:18:"checkout_agreement";i:23;s:24:"checkout_agreement_store";i:24;s:21:"clearpath_ordernumber";i:25;s:18:"clearpath_variable";i:26;s:9:"cms_block";i:27;s:15:"cms_block_store";i:28;s:8:"cms_page";i:29;s:14:"cms_page_store";i:30;s:19:"core_email_template";i:31;s:12:"core_session";i:32;s:10:"core_store";i:33;s:16:"core_store_group";i:34;s:14:"core_translate";i:35;s:13:"core_variable";i:36;s:19:"core_variable_value";i:37;s:17:"coupon_aggregated";i:38;s:23:"coupon_aggregated_order";i:39;s:25:"coupon_aggregated_updated";i:40;s:34:"creditmemo_paypal_transaction_fees";i:41;s:30:"customer_eav_attribute_website";i:42;s:23:"customer_form_attribute";i:43;s:14:"customer_group";i:44;s:17:"directory_country";i:45;s:24:"directory_country_format";i:46;s:24:"directory_country_region";i:47;s:29:"directory_country_region_name";i:48;s:23:"directory_currency_rate";i:49;s:17:"downloadable_link";i:50;s:23:"downloadable_link_price";i:51;s:27:"downloadable_link_purchased";i:52;s:32:"downloadable_link_purchased_item";i:53;s:23:"downloadable_link_title";i:54;s:19:"downloadable_sample";i:55;s:25:"downloadable_sample_title";i:56;s:19:"eav_attribute_label";i:57;s:20:"eav_attribute_option";i:58;s:26:"eav_attribute_option_value";i:59;s:10:"eav_entity";i:60;s:19:"eav_entity_datetime";i:61;s:18:"eav_entity_decimal";i:62;s:14:"eav_entity_int";i:63;s:16:"eav_entity_store";i:64;s:15:"eav_entity_text";i:65;s:18:"eav_entity_varchar";i:66;s:16:"eav_form_element";i:67;s:17:"eav_form_fieldset";i:68;s:23:"eav_form_fieldset_label";i:69;s:13:"eav_form_type";i:70;s:20:"eav_form_type_entity";i:71;s:12:"fedex_labels";i:72;s:12:"gift_message";i:73;s:23:"importexport_importdata";i:74;s:11:"invitations";i:75;s:31:"invoice_paypal_transaction_fees";i:76;s:8:"metatags";i:77;s:14:"missing_brands";i:78;s:14:"oauth_consumer";i:79;s:11:"oauth_nonce";i:80;s:11:"oauth_token";i:81;s:23:"order_shipment_estimate";i:82;s:30:"order_shipment_vendor_estimate";i:83;s:22:"paybox_question_number";i:84;s:11:"paypal_cert";i:85;s:26:"paypal_payment_transaction";i:86;s:24:"paypal_settlement_report";i:87;s:28:"paypal_settlement_report_row";i:88;s:18:"persistent_session";i:89;s:14:"phantom_brands";i:90;s:19:"product_alert_price";i:91;s:19:"product_alert_stock";i:92;s:13:"reg_reminders";i:93;s:19:"returns_order_items";i:94;s:14:"returns_orders";i:95;s:15:"returns_reasons";i:96;s:16:"returns_shipment";i:97;s:22:"returns_shipment_items";i:98;s:22:"returns_shipment_track";i:99;s:34:"sales_bestsellers_aggregated_daily";i:100;s:36:"sales_bestsellers_aggregated_monthly";i:101;s:35:"sales_bestsellers_aggregated_yearly";i:102;s:23:"sales_billing_agreement";i:103;s:29:"sales_billing_agreement_order";i:104;s:21:"sales_flat_creditmemo";i:105;s:29:"sales_flat_creditmemo_comment";i:106;s:26:"sales_flat_creditmemo_item";i:107;s:18:"sales_flat_invoice";i:108;s:26:"sales_flat_invoice_comment";i:109;s:23:"sales_flat_invoice_item";}}}}